
Microsoft Visual Studio Solution File, Format Version 12.00
# Visual Studio Version 17
VisualStudioVersion = 17.9.34728.123
MinimumVisualStudioVersion = 10.0.40219.1
Project("{FAE04EC0-301F-11D3-BF4B-00C04F79EFBC}") = "BookRefresh", "BookRefresh\BookRefresh.csproj", "{49D4C008-208C-4776-8578-E4319363C3A8}"
EndProject
Global
	GlobalSection(SolutionConfigurationPlatforms) = preSolution
		Debug|Any CPU = Debug|Any CPU
		Release|Any CPU = Release|Any CPU
	EndGlobalSection
	GlobalSection(ProjectConfigurationPlatforms) = postSolution
		{49D4C008-208C-4776-8578-E4319363C3A8}.Debug|Any CPU.ActiveCfg = Debug|Any CPU
		{49D4C008-208C-4776-8578-E4319363C3A8}.Debug|Any CPU.Build.0 = Debug|Any CPU
		{49D4C008-208C-4776-8578-E4319363C3A8}.Release|Any CPU.ActiveCfg = Release|Any CPU
		{49D4C008-208C-4776-8578-E4319363C3A8}.Release|Any CPU.Build.0 = Release|Any CPU
	EndGlobalSection
	GlobalSection(SolutionProperties) = preSolution
		HideSolutionNode = FALSE
	EndGlobalSection
	GlobalSection(ExtensibilityGlobals) = postSolution
		SolutionGuid = {69FBB951-89CA-40D8-8309-2F4A26646005}
	EndGlobalSection
EndGlobal
